
Microsoft Visual Studio Solution File, Format Version 12.00
# Visual Studio 15
VisualStudioVersion = 15.0.26124.0
MinimumVisualStudioVersion = 15.0.26124.0
Project("{2150E333-8FDC-42A3-9474-1A3956D46DE8}") = "src", "src", "{F9B07E14-D365-4833-B3F8-16106E27E20E}"
EndProject
Project("{FAE04EC0-301F-11D3-BF4B-00C04F79EFBC}") = "Web", "src\Web\Web.csproj", "{7ABFEE76-726E-404B-8EC3-113B32ED3297}"
EndProject
Project("{2150E333-8FDC-42A3-9474-1A3956D46DE8}") = "tests", "tests", "{BEE33008-FD45-4B01-85C0-AD7D80CA95A0}"
EndProject
Project("{FAE04EC0-301F-11D3-BF4B-00C04F79EFBC}") = "FunctionalTests", "tests\FunctionalTests\FunctionalTests.csproj", "{1E452D1C-1A12-44F7-B1DD-5454CA95181F}"
EndProject
Project("{FAE04EC0-301F-11D3-BF4B-00C04F79EFBC}") = "IntegrationTests", "tests\IntegrationTests\IntegrationTests.csproj", "{32005EC6-4D5D-4EFC-981D-99C74747AA6C}"
EndProject
Project("{FAE04EC0-301F-11D3-BF4B-00C04F79EFBC}") = "UnitTests", "tests\UnitTests\UnitTests.csproj", "{132510BD-9F4F-4AC9-87CA-203AF42AE9DB}"
EndProject
Global
	GlobalSection(SolutionConfigurationPlatforms) = preSolution
		Debug|Any CPU = Debug|Any CPU
		Debug|x64 = Debug|x64
		Debug|x86 = Debug|x86
		Release|Any CPU = Release|Any CPU
		Release|x64 = Release|x64
		Release|x86 = Release|x86
	EndGlobalSection
	GlobalSection(SolutionProperties) = preSolution
		HideSolutionNode = FALSE
	EndGlobalSection
	GlobalSection(ProjectConfigurationPlatforms) = postSolution
		{7ABFEE76-726E-404B-8EC3-113B32ED3297}.Debug|Any CPU.ActiveCfg = Debug|Any CPU
		{7ABFEE76-726E-404B-8EC3-113B32ED3297}.Debug|Any CPU.Build.0 = Debug|Any CPU
		{7ABFEE76-726E-404B-8EC3-113B32ED3297}.Debug|x64.ActiveCfg = Debug|Any CPU
		{7ABFEE76-726E-404B-8EC3-113B32ED3297}.Debug|x64.Build.0 = Debug|Any CPU
		{7ABFEE76-726E-404B-8EC3-113B32ED3297}.Debug|x86.ActiveCfg = Debug|Any CPU
		{7ABFEE76-726E-404B-8EC3-113B32ED3297}.Debug|x86.Build.0 = Debug|Any CPU
		{7ABFEE76-726E-404B-8EC3-113B32ED3297}.Release|Any CPU.ActiveCfg = Release|Any CPU
		{7ABFEE76-726E-404B-8EC3-113B32ED3297}.Release|Any CPU.Build.0 = Release|Any CPU
		{7ABFEE76-726E-404B-8EC3-113B32ED3297}.Release|x64.ActiveCfg = Release|Any CPU
		{7ABFEE76-726E-404B-8EC3-113B32ED3297}.Release|x64.Build.0 = Release|Any CPU
		{7ABFEE76-726E-404B-8EC3-113B32ED3297}.Release|x86.ActiveCfg = Release|Any CPU
		{7ABFEE76-726E-404B-8EC3-113B32ED3297}.Release|x86.Build.0 = Release|Any CPU
		{1E452D1C-1A12-44F7-B1DD-5454CA95181F}.Debug|Any CPU.ActiveCfg = Debug|Any CPU
		{1E452D1C-1A12-44F7-B1DD-5454CA95181F}.Debug|Any CPU.Build.0 = Debug|Any CPU
		{1E452D1C-1A12-44F7-B1DD-5454CA95181F}.Debug|x64.ActiveCfg = Debug|Any CPU
		{1E452D1C-1A12-44F7-B1DD-5454CA95181F}.Debug|x64.Build.0 = Debug|Any CPU
		{1E452D1C-1A12-44F7-B1DD-5454CA95181F}.Debug|x86.ActiveCfg = Debug|Any CPU
		{1E452D1C-1A12-44F7-B1DD-5454CA95181F}.Debug|x86.Build.0 = Debug|Any CPU
		{1E452D1C-1A12-44F7-B1DD-5454CA95181F}.Release|Any CPU.ActiveCfg = Release|Any CPU
		{1E452D1C-1A12-44F7-B1DD-5454CA95181F}.Release|Any CPU.Build.0 = Release|Any CPU
		{1E452D1C-1A12-44F7-B1DD-5454CA95181F}.Release|x64.ActiveCfg = Release|Any CPU
		{1E452D1C-1A12-44F7-B1DD-5454CA95181F}.Release|x64.Build.0 = Release|Any CPU
		{1E452D1C-1A12-44F7-B1DD-5454CA95181F}.Release|x86.ActiveCfg = Release|Any CPU
		{1E452D1C-1A12-44F7-B1DD-5454CA95181F}.Release|x86.Build.0 = Release|Any CPU
		{32005EC6-4D5D-4EFC-981D-99C74747AA6C}.Debug|Any CPU.ActiveCfg = Debug|Any CPU
		{32005EC6-4D5D-4EFC-981D-99C74747AA6C}.Debug|Any CPU.Build.0 = Debug|Any CPU
		{32005EC6-4D5D-4EFC-981D-99C74747AA6C}.Debug|x64.ActiveCfg = Debug|Any CPU
		{32005EC6-4D5D-4EFC-981D-99C74747AA6C}.Debug|x64.Build.0 = Debug|Any CPU
		{32005EC6-4D5D-4EFC-981D-99C74747AA6C}.Debug|x86.ActiveCfg = Debug|Any CPU
		{32005EC6-4D5D-4EFC-981D-99C74747AA6C}.Debug|x86.Build.0 = Debug|Any CPU
		{32005EC6-4D5D-4EFC-981D-99C74747AA6C}.Release|Any CPU.ActiveCfg = Release|Any CPU
		{32005EC6-4D5D-4EFC-981D-99C74747AA6C}.Release|Any CPU.Build.0 = Release|Any CPU
		{32005EC6-4D5D-4EFC-981D-99C74747AA6C}.Release|x64.ActiveCfg = Release|Any CPU
		{32005EC6-4D5D-4EFC-981D-99C74747AA6C}.Release|x64.Build.0 = Release|Any CPU
		{32005EC6-4D5D-4EFC-981D-99C74747AA6C}.Release|x86.ActiveCfg = Release|Any CPU
		{32005EC6-4D5D-4EFC-981D-99C74747AA6C}.Release|x86.Build.0 = Release|Any CPU
		{132510BD-9F4F-4AC9-87CA-203AF42AE9DB}.Debug|Any CPU.ActiveCfg = Debug|Any CPU
		{132510BD-9F4F-4AC9-87CA-203AF42AE9DB}.Debug|Any CPU.Build.0 = Debug|Any CPU
		{132510BD-9F4F-4AC9-87CA-203AF42AE9DB}.Debug|x64.ActiveCfg = Debug|Any CPU
		{132510BD-9F4F-4AC9-87CA-203AF42AE9DB}.Debug|x64.Build.0 = Debug|Any CPU
		{132510BD-9F4F-4AC9-87CA-203AF42AE9DB}.Debug|x86.ActiveCfg = Debug|Any CPU
		{132510BD-9F4F-4AC9-87CA-203AF42AE9DB}.Debug|x86.Build.0 = Debug|Any CPU
		{132510BD-9F4F-4AC9-87CA-203AF42AE9DB}.Release|Any CPU.ActiveCfg = Release|Any CPU
		{132510BD-9F4F-4AC9-87CA-203AF42AE9DB}.Release|Any CPU.Build.0 = Release|Any CPU
		{132510BD-9F4F-4AC9-87CA-203AF42AE9DB}.Release|x64.ActiveCfg = Release|Any CPU
		{132510BD-9F4F-4AC9-87CA-203AF42AE9DB}.Release|x64.Build.0 = Release|Any CPU
		{132510BD-9F4F-4AC9-87CA-203AF42AE9DB}.Release|x86.ActiveCfg = Release|Any CPU
		{132510BD-9F4F-4AC9-87CA-203AF42AE9DB}.Release|x86.Build.0 = Release|Any CPU
	EndGlobalSection
	GlobalSection(NestedProjects) = preSolution
		{7ABFEE76-726E-404B-8EC3-113B32ED3297} = {F9B07E14-D365-4833-B3F8-16106E27E20E}
		{1E452D1C-1A12-44F7-B1DD-5454CA95181F} = {BEE33008-FD45-4B01-85C0-AD7D80CA95A0}
		{32005EC6-4D5D-4EFC-981D-99C74747AA6C} = {BEE33008-FD45-4B01-85C0-AD7D80CA95A0}
		{132510BD-9F4F-4AC9-87CA-203AF42AE9DB} = {BEE33008-FD45-4B01-85C0-AD7D80CA95A0}
	EndGlobalSection
EndGlobal
